// !$*UTF8*$!
{
	archiveVersion = 1;
	classes = {
	};
	objectVersion = 46;
	objects = {

/* Begin PBXBuildFile section */
		974FFB561EAA072E00B2A3E7 /* URWeatherView.framework in Frameworks */ = {isa = PBXBuildFile; fileRef = 974FFB4C1EAA072E00B2A3E7 /* URWeatherView.framework */; };
		974FFB5B1EAA072E00B2A3E7 /* URWeatherViewTests.swift in Sources */ = {isa = PBXBuildFile; fileRef = 974FFB5A1EAA072E00B2A3E7 /* URWeatherViewTests.swift */; };
		974FFB5D1EAA072E00B2A3E7 /* URWeatherView.h in Headers */ = {isa = PBXBuildFile; fileRef = 974FFB4F1EAA072E00B2A3E7 /* URWeatherView.h */; settings = {ATTRIBUTES = (Public, ); }; };
		9761C90F1EF900C1000B1829 /* UREffectOption.swift in Sources */ = {isa = PBXBuildFile; fileRef = 9761C90E1EF900C1000B1829 /* UREffectOption.swift */; };
		9761C9171EF9FBAE000B1829 /* URKernelShaderWaveWarp.cikernel.fsh in Resources */ = {isa = PBXBuildFile; fileRef = 9761C9121EF9FBAE000B1829 /* URKernelShaderWaveWarp.cikernel.fsh */; };
		9761C9181EF9FBAE000B1829 /* URKernelShaderFrostedGlass.cikernel.fsh in Resources */ = {isa = PBXBuildFile; fileRef = 9761C9131EF9FBAE000B1829 /* URKernelShaderFrostedGlass.cikernel.fsh */; };
		9761C9191EF9FBAE000B1829 /* URKernelShaderRGBToneCurve.cikernel.fsh in Resources */ = {isa = PBXBuildFile; fileRef = 9761C9141EF9FBAE000B1829 /* URKernelShaderRGBToneCurve.cikernel.fsh */; };
		9761C91A1EF9FBAE000B1829 /* URKernelShaderRipple.cikernel.fsh in Resources */ = {isa = PBXBuildFile; fileRef = 9761C9151EF9FBAE000B1829 /* URKernelShaderRipple.cikernel.fsh */; };
		9761C91B1EF9FBAE000B1829 /* URKernelShaderShockWave.cikernel.fsh in Resources */ = {isa = PBXBuildFile; fileRef = 9761C9161EF9FBAE000B1829 /* URKernelShaderShockWave.cikernel.fsh */; };
		979725F51EEFD60C007BC0D9 /* Assets.xcassets in Resources */ = {isa = PBXBuildFile; fileRef = 979725F41EEFD60C007BC0D9 /* Assets.xcassets */; };
		979726181EF0BE5B007BC0D9 /* MyActions.sks in Resources */ = {isa = PBXBuildFile; fileRef = 9797260C1EF0BE5B007BC0D9 /* MyActions.sks */; };
		979726191EF0BE5B007BC0D9 /* MyParticleBurningComet.sks in Resources */ = {isa = PBXBuildFile; fileRef = 9797260D1EF0BE5B007BC0D9 /* MyParticleBurningComet.sks */; };
		9797261A1EF0BE5B007BC0D9 /* MyParticleDust.sks in Resources */ = {isa = PBXBuildFile; fileRef = 9797260E1EF0BE5B007BC0D9 /* MyParticleDust.sks */; };
		9797261B1EF0BE5B007BC0D9 /* MyParticleDust2.sks in Resources */ = {isa = PBXBuildFile; fileRef = 9797260F1EF0BE5B007BC0D9 /* MyParticleDust2.sks */; };
		9797261C1EF0BE5B007BC0D9 /* MyParticleRain.sks in Resources */ = {isa = PBXBuildFile; fileRef = 979726101EF0BE5B007BC0D9 /* MyParticleRain.sks */; };
		9797261D1EF0BE5B007BC0D9 /* MyParticleRainGround.sks in Resources */ = {isa = PBXBuildFile; fileRef = 979726111EF0BE5B007BC0D9 /* MyParticleRainGround.sks */; };
		9797261E1EF0BE5B007BC0D9 /* MyParticleSmoke.sks in Resources */ = {isa = PBXBuildFile; fileRef = 979726121EF0BE5B007BC0D9 /* MyParticleSmoke.sks */; };
		9797261F1EF0BE5B007BC0D9 /* MyParticleSnow.sks in Resources */ = {isa = PBXBuildFile; fileRef = 979726131EF0BE5B007BC0D9 /* MyParticleSnow.sks */; };
		979726201EF0BE5B007BC0D9 /* MyParticleSnowGround.sks in Resources */ = {isa = PBXBuildFile; fileRef = 979726141EF0BE5B007BC0D9 /* MyParticleSnowGround.sks */; };
		979726211EF0BE5B007BC0D9 /* MyScene.sks in Resources */ = {isa = PBXBuildFile; fileRef = 979726151EF0BE5B007BC0D9 /* MyScene.sks */; };
		979726221EF0BE5B007BC0D9 /* URNodeMovable.swift in Sources */ = {isa = PBXBuildFile; fileRef = 979726161EF0BE5B007BC0D9 /* URNodeMovable.swift */; };
		979726231EF0BE5B007BC0D9 /* URWeatherScene.swift in Sources */ = {isa = PBXBuildFile; fileRef = 979726171EF0BE5B007BC0D9 /* URWeatherScene.swift */; };
		979726251EF0BE79007BC0D9 /* UREffectCloudNode.swift in Sources */ = {isa = PBXBuildFile; fileRef = 979726241EF0BE79007BC0D9 /* UREffectCloudNode.swift */; };
		97B97A541EF1413E006B50B7 /* URSnowEmitterNode.swift in Sources */ = {isa = PBXBuildFile; fileRef = 97B97A531EF1413E006B50B7 /* URSnowEmitterNode.swift */; };
		97B97A561EF146DE006B50B7 /* URSnowGroundEmitterNode.swift in Sources */ = {isa = PBXBuildFile; fileRef = 97B97A551EF146DE006B50B7 /* URSnowGroundEmitterNode.swift */; };
		97B97A581EF23B77006B50B7 /* URRainEmitterNode.swift in Sources */ = {isa = PBXBuildFile; fileRef = 97B97A571EF23B77006B50B7 /* URRainEmitterNode.swift */; };
		97B97A5C1EF251C4006B50B7 /* URDustEmitterNode.swift in Sources */ = {isa = PBXBuildFile; fileRef = 97B97A5B1EF251C4006B50B7 /* URDustEmitterNode.swift */; };
		97B97A5E1EF251E9006B50B7 /* URRainGroundEmitterNode.swift in Sources */ = {isa = PBXBuildFile; fileRef = 97B97A5D1EF251E9006B50B7 /* URRainGroundEmitterNode.swift */; };
		97B97A601EF2542E006B50B7 /* URDust2EmitterNode.swift in Sources */ = {isa = PBXBuildFile; fileRef = 97B97A5F1EF2542E006B50B7 /* URDust2EmitterNode.swift */; };
		97B97A621EF25527006B50B7 /* URBurningCometEmitterNode.swift in Sources */ = {isa = PBXBuildFile; fileRef = 97B97A611EF25527006B50B7 /* URBurningCometEmitterNode.swift */; };
		97B97A661EF3733B006B50B7 /* URFilter.swift in Sources */ = {isa = PBXBuildFile; fileRef = 97B97A651EF3733B006B50B7 /* URFilter.swift */; };
		97B97A7B1EF7BD7E006B50B7 /* URWeatherView.swift in Sources */ = {isa = PBXBuildFile; fileRef = 97B97A7A1EF7BD7E006B50B7 /* URWeatherView.swift */; };
		97B97A871EF8BEC8006B50B7 /* LottieEx.framework in Frameworks */ = {isa = PBXBuildFile; fileRef = 97B97A861EF8BEC8006B50B7 /* LottieEx.framework */; };
		97D6182E1EF0BEAB00A55C00 /* UREffectLightningBoltNode.swift in Sources */ = {isa = PBXBuildFile; fileRef = 97D6182B1EF0BEAB00A55C00 /* UREffectLightningBoltNode.swift */; };
		97D6182F1EF0BEAB00A55C00 /* UREffectLightningLineNode.swift in Sources */ = {isa = PBXBuildFile; fileRef = 97D6182C1EF0BEAB00A55C00 /* UREffectLightningLineNode.swift */; };
		97D618301EF0BEAB00A55C00 /* UREffectLightningNode.swift in Sources */ = {isa = PBXBuildFile; fileRef = 97D6182D1EF0BEAB00A55C00 /* UREffectLightningNode.swift */; };
		97D6183C1EF0BEC900A55C00 /* UIBezierPath+Interpolation.swift in Sources */ = {isa = PBXBuildFile; fileRef = 97D618311EF0BEC900A55C00 /* UIBezierPath+Interpolation.swift */; };
		97D6183D1EF0BEC900A55C00 /* URFilterBootLoading.swift in Sources */ = {isa = PBXBuildFile; fileRef = 97D618321EF0BEC900A55C00 /* URFilterBootLoading.swift */; };
		97D6183E1EF0BEC900A55C00 /* URFilterAnimationManager.swift in Sources */ = {isa = PBXBuildFile; fileRef = 97D618331EF0BEC900A55C00 /* URFilterAnimationManager.swift */; };
		97D6183F1EF0BEC900A55C00 /* URFilterAppliable.swift in Sources */ = {isa = PBXBuildFile; fileRef = 97D618341EF0BEC900A55C00 /* URFilterAppliable.swift */; };
		97D618401EF0BEC900A55C00 /* URFrostedGlassFilter.swift in Sources */ = {isa = PBXBuildFile; fileRef = 97D618351EF0BEC900A55C00 /* URFrostedGlassFilter.swift */; };
		97D618411EF0BEC900A55C00 /* URRGBToneCurveFilter.swift in Sources */ = {isa = PBXBuildFile; fileRef = 97D618361EF0BEC900A55C00 /* URRGBToneCurveFilter.swift */; };
		97D618421EF0BEC900A55C00 /* URRippleFilter.swift in Sources */ = {isa = PBXBuildFile; fileRef = 97D618371EF0BEC900A55C00 /* URRippleFilter.swift */; };
		97D618431EF0BEC900A55C00 /* URShockWaveFilter.swift in Sources */ = {isa = PBXBuildFile; fileRef = 97D618381EF0BEC900A55C00 /* URShockWaveFilter.swift */; };
		97D618441EF0BEC900A55C00 /* URToneCurveFilter.swift in Sources */ = {isa = PBXBuildFile; fileRef = 97D618391EF0BEC900A55C00 /* URToneCurveFilter.swift */; };
		97D618451EF0BEC900A55C00 /* URFilterUtil.swift in Sources */ = {isa = PBXBuildFile; fileRef = 97D6183A1EF0BEC900A55C00 /* URFilterUtil.swift */; };
		97D618461EF0BEC900A55C00 /* URWaveWarpFilter.swift in Sources */ = {isa = PBXBuildFile; fileRef = 97D6183B1EF0BEC900A55C00 /* URWaveWarpFilter.swift */; };
		97D6184C1EF0BF0600A55C00 /* LOTAnimationView+Filter.swift in Sources */ = {isa = PBXBuildFile; fileRef = 97D618471EF0BF0600A55C00 /* LOTAnimationView+Filter.swift */; };
		97D6184D1EF0BF0600A55C00 /* URToneCurveGraphView.swift in Sources */ = {isa = PBXBuildFile; fileRef = 97D618481EF0BF0600A55C00 /* URToneCurveGraphView.swift */; };
		97D6184E1EF0BF0600A55C00 /* URFilterImageView.swift in Sources */ = {isa = PBXBuildFile; fileRef = 97D618491EF0BF0600A55C00 /* URFilterImageView.swift */; };
		97D6184F1EF0BF0600A55C00 /* URToneCurveView.swift in Sources */ = {isa = PBXBuildFile; fileRef = 97D6184A1EF0BF0600A55C00 /* URToneCurveView.swift */; };
		97D618501EF0BF0600A55C00 /* URToneCurveView.xib in Resources */ = {isa = PBXBuildFile; fileRef = 97D6184B1EF0BF0600A55C00 /* URToneCurveView.xib */; };
/* End PBXBuildFile section */

/* Begin PBXContainerItemProxy section */
		974FFB571EAA072E00B2A3E7 /* PBXContainerItemProxy */ = {
			isa = PBXContainerItemProxy;
			containerPortal = 974FFB431EAA072E00B2A3E7 /* Project object */;
			proxyType = 1;
			remoteGlobalIDString = 974FFB4B1EAA072E00B2A3E7;
			remoteInfo = URWeatherView;
		};
/* End PBXContainerItemProxy section */

/* Begin PBXFileReference section */
		974FFB4C1EAA072E00B2A3E7 /* URWeatherView.framework */ = {isa = PBXFileReference; explicitFileType = wrapper.framework; includeInIndex = 0; path = URWeatherView.framework; sourceTree = BUILT_PRODUCTS_DIR; };
		974FFB4F1EAA072E00B2A3E7 /* URWeatherView.h */ = {isa = PBXFileReference; lastKnownFileType = sourcecode.c.h; path = URWeatherView.h; sourceTree = "<group>"; };
		974FFB501EAA072E00B2A3E7 /* Info.plist */ = {isa = PBXFileReference; lastKnownFileType = text.plist.xml; path = Info.plist; sourceTree = "<group>"; };
		974FFB551EAA072E00B2A3E7 /* URWeatherViewTests.xctest */ = {isa = PBXFileReference; explicitFileType = wrapper.cfbundle; includeInIndex = 0; path = URWeatherViewTests.xctest; sourceTree = BUILT_PRODUCTS_DIR; };
		974FFB5A1EAA072E00B2A3E7 /* URWeatherViewTests.swift */ = {isa = PBXFileReference; lastKnownFileType = sourcecode.swift; path = URWeatherViewTests.swift; sourceTree = "<group>"; };
		974FFB5C1EAA072E00B2A3E7 /* Info.plist */ = {isa = PBXFileReference; lastKnownFileType = text.plist.xml; path = Info.plist; sourceTree = "<group>"; };
		9761C90E1EF900C1000B1829 /* UREffectOption.swift */ = {isa = PBXFileReference; fileEncoding = 4; lastKnownFileType = sourcecode.swift; name = UREffectOption.swift; path = URWeatherView/Effect/UREffectOption.swift; sourceTree = SOURCE_ROOT; };
		9761C9121EF9FBAE000B1829 /* URKernelShaderWaveWarp.cikernel.fsh */ = {isa = PBXFileReference; explicitFileType = sourcecode.glsl; fileEncoding = 4; path = URKernelShaderWaveWarp.cikernel.fsh; sourceTree = "<group>"; };
		9761C9131EF9FBAE000B1829 /* URKernelShaderFrostedGlass.cikernel.fsh */ = {isa = PBXFileReference; fileEncoding = 4; lastKnownFileType = sourcecode.glsl; path = URKernelShaderFrostedGlass.cikernel.fsh; sourceTree = "<group>"; };
		9761C9141EF9FBAE000B1829 /* URKernelShaderRGBToneCurve.cikernel.fsh */ = {isa = PBXFileReference; fileEncoding = 4; lastKnownFileType = sourcecode.glsl; path = URKernelShaderRGBToneCurve.cikernel.fsh; sourceTree = "<group>"; };
		9761C9151EF9FBAE000B1829 /* URKernelShaderRipple.cikernel.fsh */ = {isa = PBXFileReference; fileEncoding = 4; lastKnownFileType = sourcecode.glsl; path = URKernelShaderRipple.cikernel.fsh; sourceTree = "<group>"; };
		9761C9161EF9FBAE000B1829 /* URKernelShaderShockWave.cikernel.fsh */ = {isa = PBXFileReference; fileEncoding = 4; lastKnownFileType = sourcecode.glsl; path = URKernelShaderShockWave.cikernel.fsh; sourceTree = "<group>"; };
		979725F41EEFD60C007BC0D9 /* Assets.xcassets */ = {isa = PBXFileReference; lastKnownFileType = folder.assetcatalog; name = Assets.xcassets; path = ../Resources/Assets.xcassets; sourceTree = "<group>"; };
		9797260C1EF0BE5B007BC0D9 /* MyActions.sks */ = {isa = PBXFileReference; lastKnownFileType = file.sks; name = MyActions.sks; path = URWeatherView/SpriteAssets/MyActions.sks; sourceTree = SOURCE_ROOT; };
		9797260D1EF0BE5B007BC0D9 /* MyParticleBurningComet.sks */ = {isa = PBXFileReference; lastKnownFileType = file.sks; name = MyParticleBurningComet.sks; path = URWeatherView/SpriteAssets/MyParticleBurningComet.sks; sourceTree = SOURCE_ROOT; };
		9797260E1EF0BE5B007BC0D9 /* MyParticleDust.sks */ = {isa = PBXFileReference; lastKnownFileType = file.sks; name = MyParticleDust.sks; path = URWeatherView/SpriteAssets/MyParticleDust.sks; sourceTree = SOURCE_ROOT; };
		9797260F1EF0BE5B007BC0D9 /* MyParticleDust2.sks */ = {isa = PBXFileReference; lastKnownFileType = file.sks; name = MyParticleDust2.sks; path = URWeatherView/SpriteAssets/MyParticleDust2.sks; sourceTree = SOURCE_ROOT; };
		979726101EF0BE5B007BC0D9 /* MyParticleRain.sks */ = {isa = PBXFileReference; lastKnownFileType = file.sks; name = MyParticleRain.sks; path = URWeatherView/SpriteAssets/MyParticleRain.sks; sourceTree = SOURCE_ROOT; };
		979726111EF0BE5B007BC0D9 /* MyParticleRainGround.sks */ = {isa = PBXFileReference; lastKnownFileType = file.sks; name = MyParticleRainGround.sks; path = URWeatherView/SpriteAssets/MyParticleRainGround.sks; sourceTree = SOURCE_ROOT; };
		979726121EF0BE5B007BC0D9 /* MyParticleSmoke.sks */ = {isa = PBXFileReference; lastKnownFileType = file.sks; name = MyParticleSmoke.sks; path = URWeatherView/SpriteAssets/MyParticleSmoke.sks; sourceTree = SOURCE_ROOT; };
		979726131EF0BE5B007BC0D9 /* MyParticleSnow.sks */ = {isa = PBXFileReference; lastKnownFileType = file.sks; name = MyParticleSnow.sks; path = URWeatherView/SpriteAssets/MyParticleSnow.sks; sourceTree = SOURCE_ROOT; };
		979726141EF0BE5B007BC0D9 /* MyParticleSnowGround.sks */ = {isa = PBXFileReference; lastKnownFileType = file.sks; name = MyParticleSnowGround.sks; path = URWeatherView/SpriteAssets/MyParticleSnowGround.sks; sourceTree = SOURCE_ROOT; };
		979726151EF0BE5B007BC0D9 /* MyScene.sks */ = {isa = PBXFileReference; lastKnownFileType = file.sks; name = MyScene.sks; path = URWeatherView/SpriteAssets/MyScene.sks; sourceTree = SOURCE_ROOT; };
		979726161EF0BE5B007BC0D9 /* URNodeMovable.swift */ = {isa = PBXFileReference; fileEncoding = 4; lastKnownFileType = sourcecode.swift; name = URNodeMovable.swift; path = URWeatherView/SpriteAssets/URNodeMovable.swift; sourceTree = SOURCE_ROOT; };
		979726171EF0BE5B007BC0D9 /* URWeatherScene.swift */ = {isa = PBXFileReference; fileEncoding = 4; lastKnownFileType = sourcecode.swift; name = URWeatherScene.swift; path = URWeatherView/SpriteAssets/URWeatherScene.swift; sourceTree = SOURCE_ROOT; };
		979726241EF0BE79007BC0D9 /* UREffectCloudNode.swift */ = {isa = PBXFileReference; fileEncoding = 4; lastKnownFileType = sourcecode.swift; name = UREffectCloudNode.swift; path = URWeatherView/Effect/UREffectCloudNode.swift; sourceTree = SOURCE_ROOT; };
		97B97A531EF1413E006B50B7 /* URSnowEmitterNode.swift */ = {isa = PBXFileReference; fileEncoding = 4; lastKnownFileType = sourcecode.swift; name = URSnowEmitterNode.swift; path = URWeatherView/SpriteAssets/URSnowEmitterNode.swift; sourceTree = SOURCE_ROOT; };
		97B97A551EF146DE006B50B7 /* URSnowGroundEmitterNode.swift */ = {isa = PBXFileReference; fileEncoding = 4; lastKnownFileType = sourcecode.swift; name = URSnowGroundEmitterNode.swift; path = URWeatherView/SpriteAssets/URSnowGroundEmitterNode.swift; sourceTree = SOURCE_ROOT; };
		97B97A571EF23B77006B50B7 /* URRainEmitterNode.swift */ = {isa = PBXFileReference; fileEncoding = 4; lastKnownFileType = sourcecode.swift; name = URRainEmitterNode.swift; path = URWeatherView/SpriteAssets/URRainEmitterNode.swift; sourceTree = SOURCE_ROOT; };
		97B97A5B1EF251C4006B50B7 /* URDustEmitterNode.swift */ = {isa = PBXFileReference; fileEncoding = 4; lastKnownFileType = sourcecode.swift; name = URDustEmitterNode.swift; path = URWeatherView/SpriteAssets/URDustEmitterNode.swift; sourceTree = SOURCE_ROOT; };
		97B97A5D1EF251E9006B50B7 /* URRainGroundEmitterNode.swift */ = {isa = PBXFileReference; fileEncoding = 4; lastKnownFileType = sourcecode.swift; name = URRainGroundEmitterNode.swift; path = URWeatherView/SpriteAssets/URRainGroundEmitterNode.swift; sourceTree = SOURCE_ROOT; };
		97B97A5F1EF2542E006B50B7 /* URDust2EmitterNode.swift */ = {isa = PBXFileReference; fileEncoding = 4; lastKnownFileType = sourcecode.swift; name = URDust2EmitterNode.swift; path = URWeatherView/SpriteAssets/URDust2EmitterNode.swift; sourceTree = SOURCE_ROOT; };
		97B97A611EF25527006B50B7 /* URBurningCometEmitterNode.swift */ = {isa = PBXFileReference; fileEncoding = 4; lastKnownFileType = sourcecode.swift; name = URBurningCometEmitterNode.swift; path = URWeatherView/SpriteAssets/URBurningCometEmitterNode.swift; sourceTree = SOURCE_ROOT; };
		97B97A651EF3733B006B50B7 /* URFilter.swift */ = {isa = PBXFileReference; fileEncoding = 4; lastKnownFileType = sourcecode.swift; name = URFilter.swift; path = URWeatherView/Filter/URFilter.swift; sourceTree = SOURCE_ROOT; };
		97B97A7A1EF7BD7E006B50B7 /* URWeatherView.swift */ = {isa = PBXFileReference; fileEncoding = 4; lastKnownFileType = sourcecode.swift; path = URWeatherView.swift; sourceTree = "<group>"; };
		97B97A861EF8BEC8006B50B7 /* LottieEx.framework */ = {isa = PBXFileReference; lastKnownFileType = wrapper.framework; path = LottieEx.framework; sourceTree = "<group>"; };
		97D6182B1EF0BEAB00A55C00 /* UREffectLightningBoltNode.swift */ = {isa = PBXFileReference; fileEncoding = 4; lastKnownFileType = sourcecode.swift; name = UREffectLightningBoltNode.swift; path = URWeatherView/Effect/UREffectLightningBoltNode.swift; sourceTree = SOURCE_ROOT; };
		97D6182C1EF0BEAB00A55C00 /* UREffectLightningLineNode.swift */ = {isa = PBXFileReference; fileEncoding = 4; lastKnownFileType = sourcecode.swift; name = UREffectLightningLineNode.swift; path = URWeatherView/Effect/UREffectLightningLineNode.swift; sourceTree = SOURCE_ROOT; };
		97D6182D1EF0BEAB00A55C00 /* UREffectLightningNode.swift */ = {isa = PBXFileReference; fileEncoding = 4; lastKnownFileType = sourcecode.swift; name = UREffectLightningNode.swift; path = URWeatherView/Effect/UREffectLightningNode.swift; sourceTree = SOURCE_ROOT; };
		97D618311EF0BEC900A55C00 /* UIBezierPath+Interpolation.swift */ = {isa = PBXFileReference; fileEncoding = 4; lastKnownFileType = sourcecode.swift; name = "UIBezierPath+Interpolation.swift"; path = "URWeatherView/Filter/UIBezierPath+Interpolation.swift"; sourceTree = SOURCE_ROOT; };
		97D618321EF0BEC900A55C00 /* URFilterBootLoading.swift */ = {isa = PBXFileReference; fileEncoding = 4; lastKnownFileType = sourcecode.swift; name = URFilterBootLoading.swift; path = URWeatherView/Filter/URFilterBootLoading.swift; sourceTree = SOURCE_ROOT; };
		97D618331EF0BEC900A55C00 /* URFilterAnimationManager.swift */ = {isa = PBXFileReference; fileEncoding = 4; lastKnownFileType = sourcecode.swift; name = URFilterAnimationManager.swift; path = URWeatherView/Filter/URFilterAnimationManager.swift; sourceTree = SOURCE_ROOT; };
		97D618341EF0BEC900A55C00 /* URFilterAppliable.swift */ = {isa = PBXFileReference; fileEncoding = 4; lastKnownFileType = sourcecode.swift; name = URFilterAppliable.swift; path = URWeatherView/Filter/URFilterAppliable.swift; sourceTree = SOURCE_ROOT; };
		97D618351EF0BEC900A55C00 /* URFrostedGlassFilter.swift */ = {isa = PBXFileReference; fileEncoding = 4; lastKnownFileType = sourcecode.swift; name = URFrostedGlassFilter.swift; path = URWeatherView/Filter/URFrostedGlassFilter.swift; sourceTree = SOURCE_ROOT; };
		97D618361EF0BEC900A55C00 /* URRGBToneCurveFilter.swift */ = {isa = PBXFileReference; fileEncoding = 4; lastKnownFileType = sourcecode.swift; name = URRGBToneCurveFilter.swift; path = URWeatherView/Filter/URRGBToneCurveFilter.swift; sourceTree = SOURCE_ROOT; };
		97D618371EF0BEC900A55C00 /* URRippleFilter.swift */ = {isa = PBXFileReference; fileEncoding = 4; lastKnownFileType = sourcecode.swift; name = URRippleFilter.swift; path = URWeatherView/Filter/URRippleFilter.swift; sourceTree = SOURCE_ROOT; };
		97D618381EF0BEC900A55C00 /* URShockWaveFilter.swift */ = {isa = PBXFileReference; fileEncoding = 4; lastKnownFileType = sourcecode.swift; name = URShockWaveFilter.swift; path = URWeatherView/Filter/URShockWaveFilter.swift; sourceTree = SOURCE_ROOT; };
		97D618391EF0BEC900A55C00 /* URToneCurveFilter.swift */ = {isa = PBXFileReference; fileEncoding = 4; lastKnownFileType = sourcecode.swift; name = URToneCurveFilter.swift; path = URWeatherView/Filter/URToneCurveFilter.swift; sourceTree = SOURCE_ROOT; };
		97D6183A1EF0BEC900A55C00 /* URFilterUtil.swift */ = {isa = PBXFileReference; fileEncoding = 4; lastKnownFileType = sourcecode.swift; name = URFilterUtil.swift; path = URWeatherView/Filter/URFilterUtil.swift; sourceTree = SOURCE_ROOT; };
		97D6183B1EF0BEC900A55C00 /* URWaveWarpFilter.swift */ = {isa = PBXFileReference; fileEncoding = 4; lastKnownFileType = sourcecode.swift; name = URWaveWarpFilter.swift; path = URWeatherView/Filter/URWaveWarpFilter.swift; sourceTree = SOURCE_ROOT; };
		97D618471EF0BF0600A55C00 /* LOTAnimationView+Filter.swift */ = {isa = PBXFileReference; fileEncoding = 4; lastKnownFileType = sourcecode.swift; name = "LOTAnimationView+Filter.swift"; path = "URWeatherView/UI/LOTAnimationView+Filter.swift"; sourceTree = SOURCE_ROOT; };
		97D618481EF0BF0600A55C00 /* URToneCurveGraphView.swift */ = {isa = PBXFileReference; fileEncoding = 4; lastKnownFileType = sourcecode.swift; name = URToneCurveGraphView.swift; path = URWeatherView/UI/URToneCurveGraphView.swift; sourceTree = SOURCE_ROOT; };
		97D618491EF0BF0600A55C00 /* URFilterImageView.swift */ = {isa = PBXFileReference; fileEncoding = 4; lastKnownFileType = sourcecode.swift; name = URFilterImageView.swift; path = URWeatherView/UI/URFilterImageView.swift; sourceTree = SOURCE_ROOT; };
		97D6184A1EF0BF0600A55C00 /* URToneCurveView.swift */ = {isa = PBXFileReference; fileEncoding = 4; lastKnownFileType = sourcecode.swift; name = URToneCurveView.swift; path = URWeatherView/UI/URToneCurveView.swift; sourceTree = SOURCE_ROOT; };
		97D6184B1EF0BF0600A55C00 /* URToneCurveView.xib */ = {isa = PBXFileReference; fileEncoding = 4; lastKnownFileType = file.xib; name = URToneCurveView.xib; path = URWeatherView/UI/URToneCurveView.xib; sourceTree = SOURCE_ROOT; };
/* End PBXFileReference section */

/* Begin PBXFrameworksBuildPhase section */
		974FFB481EAA072E00B2A3E7 /* Frameworks */ = {
			isa = PBXFrameworksBuildPhase;
			buildActionMask = 2147483647;
			files = (
				97B97A871EF8BEC8006B50B7 /* LottieEx.framework in Frameworks */,
			);
			runOnlyForDeploymentPostprocessing = 0;
		};
		974FFB521EAA072E00B2A3E7 /* Frameworks */ = {
			isa = PBXFrameworksBuildPhase;
			buildActionMask = 2147483647;
			files = (
				974FFB561EAA072E00B2A3E7 /* URWeatherView.framework in Frameworks */,
			);
			runOnlyForDeploymentPostprocessing = 0;
		};
/* End PBXFrameworksBuildPhase section */

/* Begin PBXGroup section */
		974FFB421EAA072E00B2A3E7 = {
			isa = PBXGroup;
			children = (
				974FFB4E1EAA072E00B2A3E7 /* URWeatherView */,
				974FFB591EAA072E00B2A3E7 /* URWeatherViewTests */,
				974FFB4D1EAA072E00B2A3E7 /* Products */,
				979725691EEE7A63007BC0D9 /* Frameworks */,
			);
			sourceTree = "<group>";
		};
		974FFB4D1EAA072E00B2A3E7 /* Products */ = {
			isa = PBXGroup;
			children = (
				974FFB4C1EAA072E00B2A3E7 /* URWeatherView.framework */,
				974FFB551EAA072E00B2A3E7 /* URWeatherViewTests.xctest */,
			);
			name = Products;
			sourceTree = "<group>";
		};
		974FFB4E1EAA072E00B2A3E7 /* URWeatherView */ = {
			isa = PBXGroup;
			children = (
				979725201EEE7362007BC0D9 /* SpriteKitAssets */,
				979725271EEE7362007BC0D9 /* Effect */,
				9797253F1EEE7362007BC0D9 /* Filter */,
				974FFB4F1EAA072E00B2A3E7 /* URWeatherView.h */,
				974FFB501EAA072E00B2A3E7 /* Info.plist */,
				979725F41EEFD60C007BC0D9 /* Assets.xcassets */,
				97B97A7A1EF7BD7E006B50B7 /* URWeatherView.swift */,
			);
			path = URWeatherView;
			sourceTree = "<group>";
		};
		974FFB591EAA072E00B2A3E7 /* URWeatherViewTests */ = {
			isa = PBXGroup;
			children = (
				974FFB5A1EAA072E00B2A3E7 /* URWeatherViewTests.swift */,
				974FFB5C1EAA072E00B2A3E7 /* Info.plist */,
			);
			path = URWeatherViewTests;
			sourceTree = "<group>";
		};
		979725201EEE7362007BC0D9 /* SpriteKitAssets */ = {
			isa = PBXGroup;
			children = (
				979726171EF0BE5B007BC0D9 /* URWeatherScene.swift */,
				979726161EF0BE5B007BC0D9 /* URNodeMovable.swift */,
				979726131EF0BE5B007BC0D9 /* MyParticleSnow.sks */,
				97B97A531EF1413E006B50B7 /* URSnowEmitterNode.swift */,
				979726141EF0BE5B007BC0D9 /* MyParticleSnowGround.sks */,
				97B97A551EF146DE006B50B7 /* URSnowGroundEmitterNode.swift */,
				979726101EF0BE5B007BC0D9 /* MyParticleRain.sks */,
				97B97A571EF23B77006B50B7 /* URRainEmitterNode.swift */,
				979726111EF0BE5B007BC0D9 /* MyParticleRainGround.sks */,
				97B97A5D1EF251E9006B50B7 /* URRainGroundEmitterNode.swift */,
				9797260E1EF0BE5B007BC0D9 /* MyParticleDust.sks */,
				97B97A5B1EF251C4006B50B7 /* URDustEmitterNode.swift */,
				9797260F1EF0BE5B007BC0D9 /* MyParticleDust2.sks */,
				97B97A5F1EF2542E006B50B7 /* URDust2EmitterNode.swift */,
				979726121EF0BE5B007BC0D9 /* MyParticleSmoke.sks */,
				9797260D1EF0BE5B007BC0D9 /* MyParticleBurningComet.sks */,
				97B97A611EF25527006B50B7 /* URBurningCometEmitterNode.swift */,
				9797260C1EF0BE5B007BC0D9 /* MyActions.sks */,
				979726151EF0BE5B007BC0D9 /* MyScene.sks */,
			);
			name = SpriteKitAssets;
			path = ../Example/URExampleWeatherView;
			sourceTree = "<group>";
		};
		979725221EEE7362007BC0D9 /* cloud */ = {
			isa = PBXGroup;
			children = (
				979726241EF0BE79007BC0D9 /* UREffectCloudNode.swift */,
			);
			name = cloud;
			sourceTree = "<group>";
		};
		979725261EEE7362007BC0D9 /* lightning */ = {
			isa = PBXGroup;
			children = (
				97D6182D1EF0BEAB00A55C00 /* UREffectLightningNode.swift */,
				97D6182B1EF0BEAB00A55C00 /* UREffectLightningBoltNode.swift */,
				97D6182C1EF0BEAB00A55C00 /* UREffectLightningLineNode.swift */,
			);
			name = lightning;
			sourceTree = "<group>";
		};
		979725271EEE7362007BC0D9 /* Effect */ = {
			isa = PBXGroup;
			children = (
				9761C90E1EF900C1000B1829 /* UREffectOption.swift */,
				979725221EEE7362007BC0D9 /* cloud */,
				979725261EEE7362007BC0D9 /* lightning */,
			);
			name = Effect;
			path = ../Example/URExampleWeatherView;
			sourceTree = "<group>";
		};
		979725381EEE7362007BC0D9 /* UI */ = {
			isa = PBXGroup;
			children = (
				97D6184A1EF0BF0600A55C00 /* URToneCurveView.swift */,
				97D6184B1EF0BF0600A55C00 /* URToneCurveView.xib */,
				97D618481EF0BF0600A55C00 /* URToneCurveGraphView.swift */,
				97D618491EF0BF0600A55C00 /* URFilterImageView.swift */,
				97D618471EF0BF0600A55C00 /* LOTAnimationView+Filter.swift */,
			);
			name = UI;
			sourceTree = "<group>";
		};
		9797253E1EEE7362007BC0D9 /* KernelShaders */ = {
			isa = PBXGroup;
			children = (
				9761C9121EF9FBAE000B1829 /* URKernelShaderWaveWarp.cikernel.fsh */,
				9761C9131EF9FBAE000B1829 /* URKernelShaderFrostedGlass.cikernel.fsh */,
				9761C9141EF9FBAE000B1829 /* URKernelShaderRGBToneCurve.cikernel.fsh */,
				9761C9151EF9FBAE000B1829 /* URKernelShaderRipple.cikernel.fsh */,
				9761C9161EF9FBAE000B1829 /* URKernelShaderShockWave.cikernel.fsh */,
			);
			name = KernelShaders;
			sourceTree = "<group>";
		};
		9797253F1EEE7362007BC0D9 /* Filter */ = {
			isa = PBXGroup;
			children = (
				97D618341EF0BEC900A55C00 /* URFilterAppliable.swift */,
				97D618331EF0BEC900A55C00 /* URFilterAnimationManager.swift */,
				97D618321EF0BEC900A55C00 /* URFilterBootLoading.swift */,
				97B97A651EF3733B006B50B7 /* URFilter.swift */,
				97D618391EF0BEC900A55C00 /* URToneCurveFilter.swift */,
				97D618361EF0BEC900A55C00 /* URRGBToneCurveFilter.swift */,
				97D618381EF0BEC900A55C00 /* URShockWaveFilter.swift */,
				97D6183B1EF0BEC900A55C00 /* URWaveWarpFilter.swift */,
				97D618351EF0BEC900A55C00 /* URFrostedGlassFilter.swift */,
				97D618371EF0BEC900A55C00 /* URRippleFilter.swift */,
				97D618311EF0BEC900A55C00 /* UIBezierPath+Interpolation.swift */,
				97D6183A1EF0BEC900A55C00 /* URFilterUtil.swift */,
				979725381EEE7362007BC0D9 /* UI */,
				9797253E1EEE7362007BC0D9 /* KernelShaders */,
			);
			name = Filter;
			path = ../Example/URExampleWeatherView;
			sourceTree = "<group>";
		};
		979725691EEE7A63007BC0D9 /* Frameworks */ = {
			isa = PBXGroup;
			children = (
				97B97A861EF8BEC8006B50B7 /* LottieEx.framework */,
			);
			name = Frameworks;
			path = URWeatherView;
			sourceTree = "<group>";
		};
/* End PBXGroup section */

/* Begin PBXHeadersBuildPhase section */
		974FFB491EAA072E00B2A3E7 /* Headers */ = {
			isa = PBXHeadersBuildPhase;
			buildActionMask = 2147483647;
			files = (
				974FFB5D1EAA072E00B2A3E7 /* URWeatherView.h in Headers */,
			);
			runOnlyForDeploymentPostprocessing = 0;
		};
/* End PBXHeadersBuildPhase section */

/* Begin PBXNativeTarget section */
		974FFB4B1EAA072E00B2A3E7 /* URWeatherView */ = {
			isa = PBXNativeTarget;
			buildConfigurationList = 974FFB601EAA072E00B2A3E7 /* Build configuration list for PBXNativeTarget "URWeatherView" */;
			buildPhases = (
				974FFB471EAA072E00B2A3E7 /* Sources */,
				974FFB481EAA072E00B2A3E7 /* Frameworks */,
				974FFB491EAA072E00B2A3E7 /* Headers */,
				974FFB4A1EAA072E00B2A3E7 /* Resources */,
				97D618671EF1213500A55C00 /* ShellScript */,
			);
			buildRules = (
			);
			dependencies = (
			);
			name = URWeatherView;
			productName = URWeatherView;
			productReference = 974FFB4C1EAA072E00B2A3E7 /* URWeatherView.framework */;
			productType = "com.apple.product-type.framework";
		};
		974FFB541EAA072E00B2A3E7 /* URWeatherViewTests */ = {
			isa = PBXNativeTarget;
			buildConfigurationList = 974FFB631EAA072E00B2A3E7 /* Build configuration list for PBXNativeTarget "URWeatherViewTests" */;
			buildPhases = (
				974FFB511EAA072E00B2A3E7 /* Sources */,
				974FFB521EAA072E00B2A3E7 /* Frameworks */,
				974FFB531EAA072E00B2A3E7 /* Resources */,
			);
			buildRules = (
			);
			dependencies = (
				974FFB581EAA072E00B2A3E7 /* PBXTargetDependency */,
			);
			name = URWeatherViewTests;
			productName = URWeatherViewTests;
			productReference = 974FFB551EAA072E00B2A3E7 /* URWeatherViewTests.xctest */;
			productType = "com.apple.product-type.bundle.unit-test";
		};
/* End PBXNativeTarget section */

/* Begin PBXProject section */
		974FFB431EAA072E00B2A3E7 /* Project object */ = {
			isa = PBXProject;
			attributes = {
				LastSwiftUpdateCheck = 0830;
				LastUpgradeCheck = 1010;
				ORGANIZATIONNAME = "";
				TargetAttributes = {
					974FFB4B1EAA072E00B2A3E7 = {
						CreatedOnToolsVersion = 8.3.1;
						DevelopmentTeam = PC6J6XU6ZT;
						LastSwiftMigration = 1010;
						ProvisioningStyle = Automatic;
					};
					974FFB541EAA072E00B2A3E7 = {
						CreatedOnToolsVersion = 8.3.1;
						DevelopmentTeam = PC6J6XU6ZT;
						LastSwiftMigration = 1010;
						ProvisioningStyle = Automatic;
					};
				};
			};
			buildConfigurationList = 974FFB461EAA072E00B2A3E7 /* Build configuration list for PBXProject "URWeatherView" */;
			compatibilityVersion = "Xcode 3.2";
			developmentRegion = English;
			hasScannedForEncodings = 0;
			knownRegions = (
				en,
			);
			mainGroup = 974FFB421EAA072E00B2A3E7;
			productRefGroup = 974FFB4D1EAA072E00B2A3E7 /* Products */;
			projectDirPath = "";
			projectRoot = "";
			targets = (
				974FFB4B1EAA072E00B2A3E7 /* URWeatherView */,
				974FFB541EAA072E00B2A3E7 /* URWeatherViewTests */,
			);
		};
/* End PBXProject section */

/* Begin PBXResourcesBuildPhase section */
		974FFB4A1EAA072E00B2A3E7 /* Resources */ = {
			isa = PBXResourcesBuildPhase;
			buildActionMask = 2147483647;
			files = (
				9797261B1EF0BE5B007BC0D9 /* MyParticleDust2.sks in Resources */,
				9797261A1EF0BE5B007BC0D9 /* MyParticleDust.sks in Resources */,
				9761C91A1EF9FBAE000B1829 /* URKernelShaderRipple.cikernel.fsh in Resources */,
				9797261D1EF0BE5B007BC0D9 /* MyParticleRainGround.sks in Resources */,
				9761C9191EF9FBAE000B1829 /* URKernelShaderRGBToneCurve.cikernel.fsh in Resources */,
				9761C9171EF9FBAE000B1829 /* URKernelShaderWaveWarp.cikernel.fsh in Resources */,
				979726191EF0BE5B007BC0D9 /* MyParticleBurningComet.sks in Resources */,
				979725F51EEFD60C007BC0D9 /* Assets.xcassets in Resources */,
				9797261E1EF0BE5B007BC0D9 /* MyParticleSmoke.sks in Resources */,
				9797261F1EF0BE5B007BC0D9 /* MyParticleSnow.sks in Resources */,
				979726181EF0BE5B007BC0D9 /* MyActions.sks in Resources */,
				979726201EF0BE5B007BC0D9 /* MyParticleSnowGround.sks in Resources */,
				97D618501EF0BF0600A55C00 /* URToneCurveView.xib in Resources */,
				9761C9181EF9FBAE000B1829 /* URKernelShaderFrostedGlass.cikernel.fsh in Resources */,
				9797261C1EF0BE5B007BC0D9 /* MyParticleRain.sks in Resources */,
				979726211EF0BE5B007BC0D9 /* MyScene.sks in Resources */,
				9761C91B1EF9FBAE000B1829 /* URKernelShaderShockWave.cikernel.fsh in Resources */,
			);
			runOnlyForDeploymentPostprocessing = 0;
		};
		974FFB531EAA072E00B2A3E7 /* Resources */ = {
			isa = PBXResourcesBuildPhase;
			buildActionMask = 2147483647;
			files = (
			);
			runOnlyForDeploymentPostprocessing = 0;
		};
/* End PBXResourcesBuildPhase section */

/* Begin PBXShellScriptBuildPhase section */
		97D618671EF1213500A55C00 /* ShellScript */ = {
			isa = PBXShellScriptBuildPhase;
			buildActionMask = 2147483647;
			files = (
			);
			inputPaths = (
				"$(SRCROOT)/Carthage/Build/iOS/LottieEx.framework/",
			);
			outputPaths = (
			);
			runOnlyForDeploymentPostprocessing = 0;
			shellPath = /bin/sh;
			shellScript = "/usr/local/bin/carthage copy-frameworks";
		};
/* End PBXShellScriptBuildPhase section */

/* Begin PBXSourcesBuildPhase section */
		974FFB471EAA072E00B2A3E7 /* Sources */ = {
			isa = PBXSourcesBuildPhase;
			buildActionMask = 2147483647;
			files = (
				97D618431EF0BEC900A55C00 /* URShockWaveFilter.swift in Sources */,
				97D6183F1EF0BEC900A55C00 /* URFilterAppliable.swift in Sources */,
				9761C90F1EF900C1000B1829 /* UREffectOption.swift in Sources */,
				97B97A5E1EF251E9006B50B7 /* URRainGroundEmitterNode.swift in Sources */,
				97D618421EF0BEC900A55C00 /* URRippleFilter.swift in Sources */,
				97B97A601EF2542E006B50B7 /* URDust2EmitterNode.swift in Sources */,
				97B97A5C1EF251C4006B50B7 /* URDustEmitterNode.swift in Sources */,
				97B97A621EF25527006B50B7 /* URBurningCometEmitterNode.swift in Sources */,
				97D6183C1EF0BEC900A55C00 /* UIBezierPath+Interpolation.swift in Sources */,
				97D618461EF0BEC900A55C00 /* URWaveWarpFilter.swift in Sources */,
				97D6183E1EF0BEC900A55C00 /* URFilterAnimationManager.swift in Sources */,
				97D6184C1EF0BF0600A55C00 /* LOTAnimationView+Filter.swift in Sources */,
				979726221EF0BE5B007BC0D9 /* URNodeMovable.swift in Sources */,
				97D6184F1EF0BF0600A55C00 /* URToneCurveView.swift in Sources */,
				97D6183D1EF0BEC900A55C00 /* URFilterBootLoading.swift in Sources */,
				979726251EF0BE79007BC0D9 /* UREffectCloudNode.swift in Sources */,
				97B97A581EF23B77006B50B7 /* URRainEmitterNode.swift in Sources */,
				97B97A661EF3733B006B50B7 /* URFilter.swift in Sources */,
				97D6184D1EF0BF0600A55C00 /* URToneCurveGraphView.swift in Sources */,
				97B97A7B1EF7BD7E006B50B7 /* URWeatherView.swift in Sources */,
				97D6182F1EF0BEAB00A55C00 /* UREffectLightningLineNode.swift in Sources */,
				97D618451EF0BEC900A55C00 /* URFilterUtil.swift in Sources */,
				97D618411EF0BEC900A55C00 /* URRGBToneCurveFilter.swift in Sources */,
				97D6182E1EF0BEAB00A55C00 /* UREffectLightningBoltNode.swift in Sources */,
				97D618301EF0BEAB00A55C00 /* UREffectLightningNode.swift in Sources */,
				97B97A561EF146DE006B50B7 /* URSnowGroundEmitterNode.swift in Sources */,
				979726231EF0BE5B007BC0D9 /* URWeatherScene.swift in Sources */,
				97D6184E1EF0BF0600A55C00 /* URFilterImageView.swift in Sources */,
				97D618441EF0BEC900A55C00 /* URToneCurveFilter.swift in Sources */,
				97B97A541EF1413E006B50B7 /* URSnowEmitterNode.swift in Sources */,
				97D618401EF0BEC900A55C00 /* URFrostedGlassFilter.swift in Sources */,
			);
			runOnlyForDeploymentPostprocessing = 0;
		};
		974FFB511EAA072E00B2A3E7 /* Sources */ = {
			isa = PBXSourcesBuildPhase;
			buildActionMask = 2147483647;
			files = (
				974FFB5B1EAA072E00B2A3E7 /* URWeatherViewTests.swift in Sources */,
			);
			runOnlyForDeploymentPostprocessing = 0;
		};
/* End PBXSourcesBuildPhase section */

/* Begin PBXTargetDependency section */
		974FFB581EAA072E00B2A3E7 /* PBXTargetDependency */ = {
			isa = PBXTargetDependency;
			target = 974FFB4B1EAA072E00B2A3E7 /* URWeatherView */;
			targetProxy = 974FFB571EAA072E00B2A3E7 /* PBXContainerItemProxy */;
		};
/* End PBXTargetDependency section */

/* Begin XCBuildConfiguration section */
		974FFB5E1EAA072E00B2A3E7 /* Debug */ = {
			isa = XCBuildConfiguration;
			buildSettings = {
				ALWAYS_SEARCH_USER_PATHS = NO;
				CLANG_ANALYZER_NONNULL = YES;
				CLANG_ANALYZER_NUMBER_OBJECT_CONVERSION = YES_AGGRESSIVE;
				CLANG_CXX_LANGUAGE_STANDARD = "gnu++0x";
				CLANG_CXX_LIBRARY = "libc++";
				CLANG_ENABLE_MODULES = YES;
				CLANG_ENABLE_OBJC_ARC = YES;
				CLANG_WARN_BLOCK_CAPTURE_AUTORELEASING = YES;
				CLANG_WARN_BOOL_CONVERSION = YES;
				CLANG_WARN_COMMA = YES;
				CLANG_WARN_CONSTANT_CONVERSION = YES;
				CLANG_WARN_DEPRECATED_OBJC_IMPLEMENTATIONS = YES;
				CLANG_WARN_DIRECT_OBJC_ISA_USAGE = YES_ERROR;
				CLANG_WARN_DOCUMENTATION_COMMENTS = YES;
				CLANG_WARN_EMPTY_BODY = YES;
				CLANG_WARN_ENUM_CONVERSION = YES;
				CLANG_WARN_INFINITE_RECURSION = YES;
				CLANG_WARN_INT_CONVERSION = YES;
				CLANG_WARN_NON_LITERAL_NULL_CONVERSION = YES;
				CLANG_WARN_OBJC_IMPLICIT_RETAIN_SELF = YES;
				CLANG_WARN_OBJC_LITERAL_CONVERSION = YES;
				CLANG_WARN_OBJC_ROOT_CLASS = YES_ERROR;
				CLANG_WARN_RANGE_LOOP_ANALYSIS = YES;
				CLANG_WARN_STRICT_PROTOTYPES = YES;
				CLANG_WARN_SUSPICIOUS_MOVE = YES;
				CLANG_WARN_UNREACHABLE_CODE = YES;
				CLANG_WARN__DUPLICATE_METHOD_MATCH = YES;
				"CODE_SIGN_IDENTITY[sdk=iphoneos*]" = "iPhone Developer";
				COPY_PHASE_STRIP = NO;
				CURRENT_PROJECT_VERSION = 1;
				DEBUG_INFORMATION_FORMAT = dwarf;
				ENABLE_STRICT_OBJC_MSGSEND = YES;
				ENABLE_TESTABILITY = YES;
				GCC_C_LANGUAGE_STANDARD = gnu99;
				GCC_DYNAMIC_NO_PIC = NO;
				GCC_NO_COMMON_BLOCKS = YES;
				GCC_OPTIMIZATION_LEVEL = 0;
				GCC_PREPROCESSOR_DEFINITIONS = (
					"DEBUG=1",
					"$(inherited)",
				);
				GCC_WARN_64_TO_32_BIT_CONVERSION = YES;
				GCC_WARN_ABOUT_RETURN_TYPE = YES_ERROR;
				GCC_WARN_UNDECLARED_SELECTOR = YES;
				GCC_WARN_UNINITIALIZED_AUTOS = YES_AGGRESSIVE;
				GCC_WARN_UNUSED_FUNCTION = YES;
				GCC_WARN_UNUSED_VARIABLE = YES;
				IPHONEOS_DEPLOYMENT_TARGET = 10.3;
				MTL_ENABLE_DEBUG_INFO = YES;
				ONLY_ACTIVE_ARCH = YES;
				SDKROOT = iphoneos;
				SWIFT_ACTIVE_COMPILATION_CONDITIONS = DEBUG;
				SWIFT_OPTIMIZATION_LEVEL = "-Onone";
				TARGETED_DEVICE_FAMILY = "1,2";
				VERSIONING_SYSTEM = "apple-generic";
				VERSION_INFO_PREFIX = "";
			};
			name = Debug;
		};
		974FFB5F1EAA072E00B2A3E7 /* Release */ = {
			isa = XCBuildConfiguration;
			buildSettings = {
				ALWAYS_SEARCH_USER_PATHS = NO;
				CLANG_ANALYZER_NONNULL = YES;
				CLANG_ANALYZER_NUMBER_OBJECT_CONVERSION = YES_AGGRESSIVE;
				CLANG_CXX_LANGUAGE_STANDARD = "gnu++0x";
				CLANG_CXX_LIBRARY = "libc++";
				CLANG_ENABLE_MODULES = YES;
				CLANG_ENABLE_OBJC_ARC = YES;
				CLANG_WARN_BLOCK_CAPTURE_AUTORELEASING = YES;
				CLANG_WARN_BOOL_CONVERSION = YES;
				CLANG_WARN_COMMA = YES;
				CLANG_WARN_CONSTANT_CONVERSION = YES;
				CLANG_WARN_DEPRECATED_OBJC_IMPLEMENTATIONS = YES;
				CLANG_WARN_DIRECT_OBJC_ISA_USAGE = YES_ERROR;
				CLANG_WARN_DOCUMENTATION_COMMENTS = YES;
				CLANG_WARN_EMPTY_BODY = YES;
				CLANG_WARN_ENUM_CONVERSION = YES;
				CLANG_WARN_INFINITE_RECURSION = YES;
				CLANG_WARN_INT_CONVERSION = YES;
				CLANG_WARN_NON_LITERAL_NULL_CONVERSION = YES;
				CLANG_WARN_OBJC_IMPLICIT_RETAIN_SELF = YES;
				CLANG_WARN_OBJC_LITERAL_CONVERSION = YES;
				CLANG_WARN_OBJC_ROOT_CLASS = YES_ERROR;
				CLANG_WARN_RANGE_LOOP_ANALYSIS = YES;
				CLANG_WARN_STRICT_PROTOTYPES = YES;
				CLANG_WARN_SUSPICIOUS_MOVE = YES;
				CLANG_WARN_UNREACHABLE_CODE = YES;
				CLANG_WARN__DUPLICATE_METHOD_MATCH = YES;
				"CODE_SIGN_IDENTITY[sdk=iphoneos*]" = "iPhone Developer";
				COPY_PHASE_STRIP = NO;
				CURRENT_PROJECT_VERSION = 1;
				DEBUG_INFORMATION_FORMAT = "dwarf-with-dsym";
				ENABLE_NS_ASSERTIONS = NO;
				ENABLE_STRICT_OBJC_MSGSEND = YES;
				GCC_C_LANGUAGE_STANDARD = gnu99;
				GCC_NO_COMMON_BLOCKS = YES;
				GCC_WARN_64_TO_32_BIT_CONVERSION = YES;
				GCC_WARN_ABOUT_RETURN_TYPE = YES_ERROR;
				GCC_WARN_UNDECLARED_SELECTOR = YES;
				GCC_WARN_UNINITIALIZED_AUTOS = YES_AGGRESSIVE;
				GCC_WARN_UNUSED_FUNCTION = YES;
				GCC_WARN_UNUSED_VARIABLE = YES;
				IPHONEOS_DEPLOYMENT_TARGET = 10.3;
				MTL_ENABLE_DEBUG_INFO = NO;
				SDKROOT = iphoneos;
				SWIFT_OPTIMIZATION_LEVEL = "-Owholemodule";
				TARGETED_DEVICE_FAMILY = "1,2";
				VALIDATE_PRODUCT = YES;
				VERSIONING_SYSTEM = "apple-generic";
				VERSION_INFO_PREFIX = "";
			};
			name = Release;
		};
		974FFB611EAA072E00B2A3E7 /* Debug */ = {
			isa = XCBuildConfiguration;
			buildSettings = {
				CODE_SIGN_IDENTITY = "";
				DEFINES_MODULE = YES;
				DEVELOPMENT_TEAM = PC6J6XU6ZT;
				DYLIB_COMPATIBILITY_VERSION = 1;
				DYLIB_CURRENT_VERSION = 1;
				DYLIB_INSTALL_NAME_BASE = "@rpath";
				FRAMEWORK_SEARCH_PATHS = (
					"$(inherited)",
					"$(PROJECT_DIR)/URWeatherView",
					"$(PROJECT_DIR)/Carthage/Build/iOS",
				);
				INFOPLIST_FILE = URWeatherView/Info.plist;
				INSTALL_PATH = "$(LOCAL_LIBRARY_DIR)/Frameworks";
				LD_RUNPATH_SEARCH_PATHS = "$(inherited) @executable_path/Frameworks @loader_path/Frameworks";
				LIBRARY_SEARCH_PATHS = "$(SRC_ROOT)";
				PRODUCT_BUNDLE_IDENTIFIER = com.urtaq.URWeatherView;
				PRODUCT_NAME = "$(TARGET_NAME)";
				SKIP_INSTALL = YES;
				SWIFT_VERSION = 4.2;
			};
			name = Debug;
		};
		974FFB621EAA072E00B2A3E7 /* Release */ = {
			isa = XCBuildConfiguration;
			buildSettings = {
				CODE_SIGN_IDENTITY = "";
				DEFINES_MODULE = YES;
				DEVELOPMENT_TEAM = PC6J6XU6ZT;
				DYLIB_COMPATIBILITY_VERSION = 1;
				DYLIB_CURRENT_VERSION = 1;
				DYLIB_INSTALL_NAME_BASE = "@rpath";
				FRAMEWORK_SEARCH_PATHS = (
					"$(inherited)",
					"$(PROJECT_DIR)/URWeatherView",
					"$(PROJECT_DIR)/Carthage/Build/iOS",
				);
				INFOPLIST_FILE = URWeatherView/Info.plist;
				INSTALL_PATH = "$(LOCAL_LIBRARY_DIR)/Frameworks";
				LD_RUNPATH_SEARCH_PATHS = "$(inherited) @executable_path/Frameworks @loader_path/Frameworks";
				LIBRARY_SEARCH_PATHS = "$(SRC_ROOT)";
				PRODUCT_BUNDLE_IDENTIFIER = com.urtaq.URWeatherView;
				PRODUCT_NAME = "$(TARGET_NAME)";
				SKIP_INSTALL = YES;
				SWIFT_VERSION = 4.2;
			};
			name = Release;
		};
		974FFB641EAA072E00B2A3E7 /* Debug */ = {
			isa = XCBuildConfiguration;
			buildSettings = {
				ALWAYS_EMBED_SWIFT_STANDARD_LIBRARIES = YES;
				DEVELOPMENT_TEAM = PC6J6XU6ZT;
				INFOPLIST_FILE = URWeatherViewTests/Info.plist;
				LD_RUNPATH_SEARCH_PATHS = "$(inherited) @executable_path/Frameworks @loader_path/Frameworks";
				PRODUCT_BUNDLE_IDENTIFIER = com.zigbang.URWeatherViewTests;
				PRODUCT_NAME = "$(TARGET_NAME)";
				SWIFT_VERSION = 4.2;
			};
			name = Debug;
		};
		974FFB651EAA072E00B2A3E7 /* Release */ = {
			isa = XCBuildConfiguration;
			buildSettings = {
				ALWAYS_EMBED_SWIFT_STANDARD_LIBRARIES = YES;
				DEVELOPMENT_TEAM = PC6J6XU6ZT;
				INFOPLIST_FILE = URWeatherViewTests/Info.plist;
				LD_RUNPATH_SEARCH_PATHS = "$(inherited) @executable_path/Frameworks @loader_path/Frameworks";
				PRODUCT_BUNDLE_IDENTIFIER = com.zigbang.URWeatherViewTests;
				PRODUCT_NAME = "$(TARGET_NAME)";
				SWIFT_VERSION = 4.2;
			};
			name = Release;
		};
/* End XCBuildConfiguration section */

/* Begin XCConfigurationList section */
		974FFB461EAA072E00B2A3E7 /* Build configuration list for PBXProject "URWeatherView" */ = {
			isa = XCConfigurationList;
			buildConfigurations = (
				974FFB5E1EAA072E00B2A3E7 /* Debug */,
				974FFB5F1EAA072E00B2A3E7 /* Release */,
			);
			defaultConfigurationIsVisible = 0;
			defaultConfigurationName = Release;
		};
		974FFB601EAA072E00B2A3E7 /* Build configuration list for PBXNativeTarget "URWeatherView" */ = {
			isa = XCConfigurationList;
			buildConfigurations = (
				974FFB611EAA072E00B2A3E7 /* Debug */,
				974FFB621EAA072E00B2A3E7 /* Release */,
			);
			defaultConfigurationIsVisible = 0;
			defaultConfigurationName = Release;
		};
		974FFB631EAA072E00B2A3E7 /* Build configuration list for PBXNativeTarget "URWeatherViewTests" */ = {
			isa = XCConfigurationList;
			buildConfigurations = (
				974FFB641EAA072E00B2A3E7 /* Debug */,
				974FFB651EAA072E00B2A3E7 /* Release */,
			);
			defaultConfigurationIsVisible = 0;
			defaultConfigurationName = Release;
		};
/* End XCConfigurationList section */
	};
	rootObject = 974FFB431EAA072E00B2A3E7 /* Project object */;
}
